
Microsoft Visual Studio Solution File, Format Version 12.00
# Visual Studio Version 16
VisualStudioVersion = 16.0.29102.190
MinimumVisualStudioVersion = 10.0.40219.1
Project("{9A19103F-16F7-4668-BE54-9A1E7A4F7556}") = "Platform.Helpers", "Platform.Helpers.csproj", "{71462BC8-8DC8-4382-B647-CDA0FFF61537}"
EndProject
Global
	GlobalSection(SolutionConfigurationPlatforms) = preSolution
		Debug|Any CPU = Debug|Any CPU
		Release|Any CPU = Release|Any CPU
	EndGlobalSection
	GlobalSection(ProjectConfigurationPlatforms) = postSolution
		{71462BC8-8DC8-4382-B647-CDA0FFF61537}.Debug|Any CPU.ActiveCfg = Debug|Any CPU
		{71462BC8-8DC8-4382-B647-CDA0FFF61537}.Debug|Any CPU.Build.0 = Debug|Any CPU
		{71462BC8-8DC8-4382-B647-CDA0FFF61537}.Release|Any CPU.ActiveCfg = Release|Any CPU
		{71462BC8-8DC8-4382-B647-CDA0FFF61537}.Release|Any CPU.Build.0 = Release|Any CPU
	EndGlobalSection
	GlobalSection(SolutionProperties) = preSolution
		HideSolutionNode = FALSE
	EndGlobalSection
	GlobalSection(ExtensibilityGlobals) = postSolution
		SolutionGuid = {560008A9-9715-4AFC-9400-91382556C64C}
	EndGlobalSection
EndGlobal
